
Microsoft Visual Studio Solution File, Format Version 12.00
# Visual Studio Version 16
VisualStudioVersion = 16.0.32106.194
MinimumVisualStudioVersion = 10.0.40219.1
Project("{FAE04EC0-301F-11D3-BF4B-00C04F79EFBC}") = "Sport_shedule", "Sport_shedule\Sport_shedule.csproj", "{05BCFD11-1DD9-4090-B270-55BA8D9BE9F8}"
EndProject
Global
	GlobalSection(SolutionConfigurationPlatforms) = preSolution
		Debug|Any CPU = Debug|Any CPU
		Release|Any CPU = Release|Any CPU
	EndGlobalSection
	GlobalSection(ProjectConfigurationPlatforms) = postSolution
		{05BCFD11-1DD9-4090-B270-55BA8D9BE9F8}.Debug|Any CPU.ActiveCfg = Debug|Any CPU
		{05BCFD11-1DD9-4090-B270-55BA8D9BE9F8}.Debug|Any CPU.Build.0 = Debug|Any CPU
		{05BCFD11-1DD9-4090-B270-55BA8D9BE9F8}.Release|Any CPU.ActiveCfg = Release|Any CPU
		{05BCFD11-1DD9-4090-B270-55BA8D9BE9F8}.Release|Any CPU.Build.0 = Release|Any CPU
	EndGlobalSection
	GlobalSection(SolutionProperties) = preSolution
		HideSolutionNode = FALSE
	EndGlobalSection
	GlobalSection(ExtensibilityGlobals) = postSolution
		SolutionGuid = {E2027FFA-6E08-443A-8DF6-CC5D28468622}
	EndGlobalSection
EndGlobal
